// !$*UTF8*$!
{
	archiveVersion = 1;
	classes = {
	};
	objectVersion = 48;
	objects = {

/* Begin PBXBuildFile section */
		48D3106BEC8A61A4D0CAE3C1 /* Pods_mvvm_demo.framework in Frameworks */ = {isa = PBXBuildFile; fileRef = EC8C01E0933D72E6A9D9B588 /* Pods_mvvm_demo.framework */; };
		66B319FC1FFF680800E130BC /* AppDelegate.m in Sources */ = {isa = PBXBuildFile; fileRef = 66B319FB1FFF680800E130BC /* AppDelegate.m */; };
		66B31A021FFF680800E130BC /* Main.storyboard in Resources */ = {isa = PBXBuildFile; fileRef = 66B31A001FFF680800E130BC /* Main.storyboard */; };
		66B31A041FFF680800E130BC /* Assets.xcassets in Resources */ = {isa = PBXBuildFile; fileRef = 66B31A031FFF680800E130BC /* Assets.xcassets */; };
		66B31A071FFF680800E130BC /* LaunchScreen.storyboard in Resources */ = {isa = PBXBuildFile; fileRef = 66B31A051FFF680800E130BC /* LaunchScreen.storyboard */; };
		66B31A0A1FFF680800E130BC /* main.m in Sources */ = {isa = PBXBuildFile; fileRef = 66B31A091FFF680800E130BC /* main.m */; };
		66B31A121FFF950400E130BC /* LoginViewController.m in Sources */ = {isa = PBXBuildFile; fileRef = 66B31A111FFF950400E130BC /* LoginViewController.m */; };
		66B31A151FFF960A00E130BC /* LoginViewModel.m in Sources */ = {isa = PBXBuildFile; fileRef = 66B31A141FFF960A00E130BC /* LoginViewModel.m */; };
		66B31A1B1FFFB85D00E130BC /* MBProgressHUD+WDExtension.m in Sources */ = {isa = PBXBuildFile; fileRef = 66B31A1A1FFFB85D00E130BC /* MBProgressHUD+WDExtension.m */; };
/* End PBXBuildFile section */

/* Begin PBXFileReference section */
		1E8E6E3C938CE5B8FCA6150C /* Pods-mvvm-demo.debug.xcconfig */ = {isa = PBXFileReference; includeInIndex = 1; lastKnownFileType = text.xcconfig; name = "Pods-mvvm-demo.debug.xcconfig"; path = "Pods/Target Support Files/Pods-mvvm-demo/Pods-mvvm-demo.debug.xcconfig"; sourceTree = "<group>"; };
		2178A24F673B8EEF73181620 /* Pods-mvvm-demo.release.xcconfig */ = {isa = PBXFileReference; includeInIndex = 1; lastKnownFileType = text.xcconfig; name = "Pods-mvvm-demo.release.xcconfig"; path = "Pods/Target Support Files/Pods-mvvm-demo/Pods-mvvm-demo.release.xcconfig"; sourceTree = "<group>"; };
		66B319F71FFF680800E130BC /* mvvm-demo.app */ = {isa = PBXFileReference; explicitFileType = wrapper.application; includeInIndex = 0; path = "mvvm-demo.app"; sourceTree = BUILT_PRODUCTS_DIR; };
		66B319FA1FFF680800E130BC /* AppDelegate.h */ = {isa = PBXFileReference; lastKnownFileType = sourcecode.c.h; path = AppDelegate.h; sourceTree = "<group>"; };
		66B319FB1FFF680800E130BC /* AppDelegate.m */ = {isa = PBXFileReference; lastKnownFileType = sourcecode.c.objc; path = AppDelegate.m; sourceTree = "<group>"; };
		66B31A011FFF680800E130BC /* Base */ = {isa = PBXFileReference; lastKnownFileType = file.storyboard; name = Base; path = Base.lproj/Main.storyboard; sourceTree = "<group>"; };
		66B31A031FFF680800E130BC /* Assets.xcassets */ = {isa = PBXFileReference; lastKnownFileType = folder.assetcatalog; path = Assets.xcassets; sourceTree = "<group>"; };
		66B31A061FFF680800E130BC /* Base */ = {isa = PBXFileReference; lastKnownFileType = file.storyboard; name = Base; path = Base.lproj/LaunchScreen.storyboard; sourceTree = "<group>"; };
		66B31A081FFF680800E130BC /* Info.plist */ = {isa = PBXFileReference; lastKnownFileType = text.plist.xml; path = Info.plist; sourceTree = "<group>"; };
		66B31A091FFF680800E130BC /* main.m */ = {isa = PBXFileReference; lastKnownFileType = sourcecode.c.objc; path = main.m; sourceTree = "<group>"; };
		66B31A101FFF950400E130BC /* LoginViewController.h */ = {isa = PBXFileReference; lastKnownFileType = sourcecode.c.h; path = LoginViewController.h; sourceTree = "<group>"; };
		66B31A111FFF950400E130BC /* LoginViewController.m */ = {isa = PBXFileReference; lastKnownFileType = sourcecode.c.objc; path = LoginViewController.m; sourceTree = "<group>"; };
		66B31A131FFF960A00E130BC /* LoginViewModel.h */ = {isa = PBXFileReference; lastKnownFileType = sourcecode.c.h; path = LoginViewModel.h; sourceTree = "<group>"; };
		66B31A141FFF960A00E130BC /* LoginViewModel.m */ = {isa = PBXFileReference; lastKnownFileType = sourcecode.c.objc; path = LoginViewModel.m; sourceTree = "<group>"; };
		66B31A191FFFB85D00E130BC /* MBProgressHUD+WDExtension.h */ = {isa = PBXFileReference; lastKnownFileType = sourcecode.c.h; path = "MBProgressHUD+WDExtension.h"; sourceTree = "<group>"; };
		66B31A1A1FFFB85D00E130BC /* MBProgressHUD+WDExtension.m */ = {isa = PBXFileReference; lastKnownFileType = sourcecode.c.objc; path = "MBProgressHUD+WDExtension.m"; sourceTree = "<group>"; };
		EC8C01E0933D72E6A9D9B588 /* Pods_mvvm_demo.framework */ = {isa = PBXFileReference; explicitFileType = wrapper.framework; includeInIndex = 0; path = Pods_mvvm_demo.framework; sourceTree = BUILT_PRODUCTS_DIR; };
/* End PBXFileReference section */

/* Begin PBXFrameworksBuildPhase section */
		66B319F41FFF680800E130BC /* Frameworks */ = {
			isa = PBXFrameworksBuildPhase;
			buildActionMask = 2147483647;
			files = (
				48D3106BEC8A61A4D0CAE3C1 /* Pods_mvvm_demo.framework in Frameworks */,
			);
			runOnlyForDeploymentPostprocessing = 0;
		};
/* End PBXFrameworksBuildPhase section */

/* Begin PBXGroup section */
		010133DEC1B925C184F58DDA /* Frameworks */ = {
			isa = PBXGroup;
			children = (
				EC8C01E0933D72E6A9D9B588 /* Pods_mvvm_demo.framework */,
			);
			name = Frameworks;
			sourceTree = "<group>";
		};
		66B319EE1FFF680800E130BC = {
			isa = PBXGroup;
			children = (
				66B319F91FFF680800E130BC /* mvvm-demo */,
				66B319F81FFF680800E130BC /* Products */,
				86FB3664481FCA1F1163C688 /* Pods */,
				010133DEC1B925C184F58DDA /* Frameworks */,
			);
			sourceTree = "<group>";
		};
		66B319F81FFF680800E130BC /* Products */ = {
			isa = PBXGroup;
			children = (
				66B319F71FFF680800E130BC /* mvvm-demo.app */,
			);
			name = Products;
			sourceTree = "<group>";
		};
		66B319F91FFF680800E130BC /* mvvm-demo */ = {
			isa = PBXGroup;
			children = (
				66B319FA1FFF680800E130BC /* AppDelegate.h */,
				66B319FB1FFF680800E130BC /* AppDelegate.m */,
				66B31A101FFF950400E130BC /* LoginViewController.h */,
				66B31A111FFF950400E130BC /* LoginViewController.m */,
				66B31A131FFF960A00E130BC /* LoginViewModel.h */,
				66B31A141FFF960A00E130BC /* LoginViewModel.m */,
				66B31A001FFF680800E130BC /* Main.storyboard */,
				66B31A031FFF680800E130BC /* Assets.xcassets */,
				66B31A051FFF680800E130BC /* LaunchScreen.storyboard */,
				66B31A081FFF680800E130BC /* Info.plist */,
				66B31A091FFF680800E130BC /* main.m */,
				66B31A191FFFB85D00E130BC /* MBProgressHUD+WDExtension.h */,
				66B31A1A1FFFB85D00E130BC /* MBProgressHUD+WDExtension.m */,
			);
			path = "mvvm-demo";
			sourceTree = "<group>";
		};
		86FB3664481FCA1F1163C688 /* Pods */ = {
			isa = PBXGroup;
			children = (
				1E8E6E3C938CE5B8FCA6150C /* Pods-mvvm-demo.debug.xcconfig */,
				2178A24F673B8EEF73181620 /* Pods-mvvm-demo.release.xcconfig */,
			);
			name = Pods;
			sourceTree = "<group>";
		};
/* End PBXGroup section */

/* Begin PBXNativeTarget section */
		66B319F61FFF680800E130BC /* mvvm-demo */ = {
			isa = PBXNativeTarget;
			buildConfigurationList = 66B31A0D1FFF680800E130BC /* Build configuration list for PBXNativeTarget "mvvm-demo" */;
			buildPhases = (
				E8E2DF33331F4588C1081D3F /* [CP] Check Pods Manifest.lock */,
				66B319F31FFF680800E130BC /* Sources */,
				66B319F41FFF680800E130BC /* Frameworks */,
				66B319F51FFF680800E130BC /* Resources */,
				EA94E7BFBE00D0E9F2FB889A /* [CP] Embed Pods Frameworks */,
				BEE87A21A36A95766138D1B6 /* [CP] Copy Pods Resources */,
			);
			buildRules = (
			);
			dependencies = (
			);
			name = "mvvm-demo";
			productName = "mvvm-demo";
			productReference = 66B319F71FFF680800E130BC /* mvvm-demo.app */;
			productType = "com.apple.product-type.application";
		};
/* End PBXNativeTarget section */

/* Begin PBXProject section */
		66B319EF1FFF680800E130BC /* Project object */ = {
			isa = PBXProject;
			attributes = {
				LastUpgradeCheck = 0920;
				ORGANIZATIONNAME = example;
				TargetAttributes = {
					66B319F61FFF680800E130BC = {
						CreatedOnToolsVersion = 9.2;
						ProvisioningStyle = Automatic;
					};
				};
			};
			buildConfigurationList = 66B319F21FFF680800E130BC /* Build configuration list for PBXProject "mvvm-demo" */;
			compatibilityVersion = "Xcode 8.0";
			developmentRegion = en;
			hasScannedForEncodings = 0;
			knownRegions = (
				en,
				Base,
			);
			mainGroup = 66B319EE1FFF680800E130BC;
			productRefGroup = 66B319F81FFF680800E130BC /* Products */;
			projectDirPath = "";
			projectRoot = "";
			targets = (
				66B319F61FFF680800E130BC /* mvvm-demo */,
			);
		};
/* End PBXProject section */

/* Begin PBXResourcesBuildPhase section */
		66B319F51FFF680800E130BC /* Resources */ = {
			isa = PBXResourcesBuildPhase;
			buildActionMask = 2147483647;
			files = (
				66B31A071FFF680800E130BC /* LaunchScreen.storyboard in Resources */,
				66B31A041FFF680800E130BC /* Assets.xcassets in Resources */,
				66B31A021FFF680800E130BC /* Main.storyboard in Resources */,
			);
			runOnlyForDeploymentPostprocessing = 0;
		};
/* End PBXResourcesBuildPhase section */

/* Begin PBXShellScriptBuildPhase section */
		BEE87A21A36A95766138D1B6 /* [CP] Copy Pods Resources */ = {
			isa = PBXShellScriptBuildPhase;
			buildActionMask = 2147483647;
			files = (
			);
			inputPaths = (
			);
			name = "[CP] Copy Pods Resources";
			outputPaths = (
			);
			runOnlyForDeploymentPostprocessing = 0;
			shellPath = /bin/sh;
			shellScript = "\"${SRCROOT}/Pods/Target Support Files/Pods-mvvm-demo/Pods-mvvm-demo-resources.sh\"\n";
			showEnvVarsInLog = 0;
		};
		E8E2DF33331F4588C1081D3F /* [CP] Check Pods Manifest.lock */ = {
			isa = PBXShellScriptBuildPhase;
			buildActionMask = 2147483647;
			files = (
			);
			inputPaths = (
				"${PODS_PODFILE_DIR_PATH}/Podfile.lock",
				"${PODS_ROOT}/Manifest.lock",
			);
			name = "[CP] Check Pods Manifest.lock";
			outputPaths = (
				"$(DERIVED_FILE_DIR)/Pods-mvvm-demo-checkManifestLockResult.txt",
			);
			runOnlyForDeploymentPostprocessing = 0;
			shellPath = /bin/sh;
			shellScript = "diff \"${PODS_PODFILE_DIR_PATH}/Podfile.lock\" \"${PODS_ROOT}/Manifest.lock\" > /dev/null\nif [ $? != 0 ] ; then\n    # print error to STDERR\n    echo \"error: The sandbox is not in sync with the Podfile.lock. Run 'pod install' or update your CocoaPods installation.\" >&2\n    exit 1\nfi\n# This output is used by Xcode 'outputs' to avoid re-running this script phase.\necho \"SUCCESS\" > \"${SCRIPT_OUTPUT_FILE_0}\"\n";
			showEnvVarsInLog = 0;
		};
		EA94E7BFBE00D0E9F2FB889A /* [CP] Embed Pods Frameworks */ = {
			isa = PBXShellScriptBuildPhase;
			buildActionMask = 2147483647;
			files = (
			);
			inputPaths = (
				"${SRCROOT}/Pods/Target Support Files/Pods-mvvm-demo/Pods-mvvm-demo-frameworks.sh",
				"${BUILT_PRODUCTS_DIR}/AFNetworking/AFNetworking.framework",
				"${BUILT_PRODUCTS_DIR}/MBProgressHUD/MBProgressHUD.framework",
				"${BUILT_PRODUCTS_DIR}/ReactiveObjC/ReactiveObjC.framework",
			);
			name = "[CP] Embed Pods Frameworks";
			outputPaths = (
				"${TARGET_BUILD_DIR}/${FRAMEWORKS_FOLDER_PATH}/AFNetworking.framework",
				"${TARGET_BUILD_DIR}/${FRAMEWORKS_FOLDER_PATH}/MBProgressHUD.framework",
				"${TARGET_BUILD_DIR}/${FRAMEWORKS_FOLDER_PATH}/ReactiveObjC.framework",
			);
			runOnlyForDeploymentPostprocessing = 0;
			shellPath = /bin/sh;
			shellScript = "\"${SRCROOT}/Pods/Target Support Files/Pods-mvvm-demo/Pods-mvvm-demo-frameworks.sh\"\n";
			showEnvVarsInLog = 0;
		};
/* End PBXShellScriptBuildPhase section */

/* Begin PBXSourcesBuildPhase section */
		66B319F31FFF680800E130BC /* Sources */ = {
			isa = PBXSourcesBuildPhase;
			buildActionMask = 2147483647;
			files = (
				66B31A1B1FFFB85D00E130BC /* MBProgressHUD+WDExtension.m in Sources */,
				66B31A151FFF960A00E130BC /* LoginViewModel.m in Sources */,
				66B31A0A1FFF680800E130BC /* main.m in Sources */,
				66B319FC1FFF680800E130BC /* AppDelegate.m in Sources */,
				66B31A121FFF950400E130BC /* LoginViewController.m in Sources */,
			);
			runOnlyForDeploymentPostprocessing = 0;
		};
/* End PBXSourcesBuildPhase section */

/* Begin PBXVariantGroup section */
		66B31A001FFF680800E130BC /* Main.storyboard */ = {
			isa = PBXVariantGroup;
			children = (
				66B31A011FFF680800E130BC /* Base */,
			);
			name = Main.storyboard;
			sourceTree = "<group>";
		};
		66B31A051FFF680800E130BC /* LaunchScreen.storyboard */ = {
			isa = PBXVariantGroup;
			children = (
				66B31A061FFF680800E130BC /* Base */,
			);
			name = LaunchScreen.storyboard;
			sourceTree = "<group>";
		};
/* End PBXVariantGroup section */

/* Begin XCBuildConfiguration section */
		66B31A0B1FFF680800E130BC /* Debug */ = {
			isa = XCBuildConfiguration;
			buildSettings = {
				ALWAYS_SEARCH_USER_PATHS = NO;
				CLANG_ANALYZER_NONNULL = YES;
				CLANG_ANALYZER_NUMBER_OBJECT_CONVERSION = YES_AGGRESSIVE;
				CLANG_CXX_LANGUAGE_STANDARD = "gnu++14";
				CLANG_CXX_LIBRARY = "libc++";
				CLANG_ENABLE_MODULES = YES;
				CLANG_ENABLE_OBJC_ARC = YES;
				CLANG_WARN_BLOCK_CAPTURE_AUTORELEASING = YES;
				CLANG_WARN_BOOL_CONVERSION = YES;
				CLANG_WARN_COMMA = YES;
				CLANG_WARN_CONSTANT_CONVERSION = YES;
				CLANG_WARN_DIRECT_OBJC_ISA_USAGE = YES_ERROR;
				CLANG_WARN_DOCUMENTATION_COMMENTS = YES;
				CLANG_WARN_EMPTY_BODY = YES;
				CLANG_WARN_ENUM_CONVERSION = YES;
				CLANG_WARN_INFINITE_RECURSION = YES;
				CLANG_WARN_INT_CONVERSION = YES;
				CLANG_WARN_NON_LITERAL_NULL_CONVERSION = YES;
				CLANG_WARN_OBJC_LITERAL_CONVERSION = YES;
				CLANG_WARN_OBJC_ROOT_CLASS = YES_ERROR;
				CLANG_WARN_RANGE_LOOP_ANALYSIS = YES;
				CLANG_WARN_STRICT_PROTOTYPES = YES;
				CLANG_WARN_SUSPICIOUS_MOVE = YES;
				CLANG_WARN_UNGUARDED_AVAILABILITY = YES_AGGRESSIVE;
				CLANG_WARN_UNREACHABLE_CODE = YES;
				CLANG_WARN__DUPLICATE_METHOD_MATCH = YES;
				CODE_SIGN_IDENTITY = "iPhone Developer";
				COPY_PHASE_STRIP = NO;
				DEBUG_INFORMATION_FORMAT = dwarf;
				ENABLE_STRICT_OBJC_MSGSEND = YES;
				ENABLE_TESTABILITY = YES;
				GCC_C_LANGUAGE_STANDARD = gnu11;
				GCC_DYNAMIC_NO_PIC = NO;
				GCC_NO_COMMON_BLOCKS = YES;
				GCC_OPTIMIZATION_LEVEL = 0;
				GCC_PREPROCESSOR_DEFINITIONS = (
					"DEBUG=1",
					"$(inherited)",
				);
				GCC_WARN_64_TO_32_BIT_CONVERSION = YES;
				GCC_WARN_ABOUT_RETURN_TYPE = YES_ERROR;
				GCC_WARN_UNDECLARED_SELECTOR = YES;
				GCC_WARN_UNINITIALIZED_AUTOS = YES_AGGRESSIVE;
				GCC_WARN_UNUSED_FUNCTION = YES;
				GCC_WARN_UNUSED_VARIABLE = YES;
				IPHONEOS_DEPLOYMENT_TARGET = 11.2;
				MTL_ENABLE_DEBUG_INFO = YES;
				ONLY_ACTIVE_ARCH = YES;
				SDKROOT = iphoneos;
			};
			name = Debug;
		};
		66B31A0C1FFF680800E130BC /* Release */ = {
			isa = XCBuildConfiguration;
			buildSettings = {
				ALWAYS_SEARCH_USER_PATHS = NO;
				CLANG_ANALYZER_NONNULL = YES;
				CLANG_ANALYZER_NUMBER_OBJECT_CONVERSION = YES_AGGRESSIVE;
				CLANG_CXX_LANGUAGE_STANDARD = "gnu++14";
				CLANG_CXX_LIBRARY = "libc++";
				CLANG_ENABLE_MODULES = YES;
				CLANG_ENABLE_OBJC_ARC = YES;
				CLANG_WARN_BLOCK_CAPTURE_AUTORELEASING = YES;
				CLANG_WARN_BOOL_CONVERSION = YES;
				CLANG_WARN_COMMA = YES;
				CLANG_WARN_CONSTANT_CONVERSION = YES;
				CLANG_WARN_DIRECT_OBJC_ISA_USAGE = YES_ERROR;
				CLANG_WARN_DOCUMENTATION_COMMENTS = YES;
				CLANG_WARN_EMPTY_BODY = YES;
				CLANG_WARN_ENUM_CONVERSION = YES;
				CLANG_WARN_INFINITE_RECURSION = YES;
				CLANG_WARN_INT_CONVERSION = YES;
				CLANG_WARN_NON_LITERAL_NULL_CONVERSION = YES;
				CLANG_WARN_OBJC_LITERAL_CONVERSION = YES;
				CLANG_WARN_OBJC_ROOT_CLASS = YES_ERROR;
				CLANG_WARN_RANGE_LOOP_ANALYSIS = YES;
				CLANG_WARN_STRICT_PROTOTYPES = YES;
				CLANG_WARN_SUSPICIOUS_MOVE = YES;
				CLANG_WARN_UNGUARDED_AVAILABILITY = YES_AGGRESSIVE;
				CLANG_WARN_UNREACHABLE_CODE = YES;
				CLANG_WARN__DUPLICATE_METHOD_MATCH = YES;
				CODE_SIGN_IDENTITY = "iPhone Developer";
				COPY_PHASE_STRIP = NO;
				DEBUG_INFORMATION_FORMAT = "dwarf-with-dsym";
				ENABLE_NS_ASSERTIONS = NO;
				ENABLE_STRICT_OBJC_MSGSEND = YES;
				GCC_C_LANGUAGE_STANDARD = gnu11;
				GCC_NO_COMMON_BLOCKS = YES;
				GCC_WARN_64_TO_32_BIT_CONVERSION = YES;
				GCC_WARN_ABOUT_RETURN_TYPE = YES_ERROR;
				GCC_WARN_UNDECLARED_SELECTOR = YES;
				GCC_WARN_UNINITIALIZED_AUTOS = YES_AGGRESSIVE;
				GCC_WARN_UNUSED_FUNCTION = YES;
				GCC_WARN_UNUSED_VARIABLE = YES;
				IPHONEOS_DEPLOYMENT_TARGET = 11.2;
				MTL_ENABLE_DEBUG_INFO = NO;
				SDKROOT = iphoneos;
				VALIDATE_PRODUCT = YES;
			};
			name = Release;
		};
		66B31A0E1FFF680800E130BC /* Debug */ = {
			isa = XCBuildConfiguration;
			baseConfigurationReference = 1E8E6E3C938CE5B8FCA6150C /* Pods-mvvm-demo.debug.xcconfig */;
			buildSettings = {
				ASSETCATALOG_COMPILER_APPICON_NAME = AppIcon;
				CODE_SIGN_IDENTITY = "iPhone Developer: Dongya Wang (F5EM7UPJHR)";
				"CODE_SIGN_IDENTITY[sdk=iphoneos*]" = "iPhone Developer";
				CODE_SIGN_STYLE = Automatic;
				DEVELOPMENT_TEAM = Z5AXWS32SW;
				INFOPLIST_FILE = "mvvm-demo/Info.plist";
				IPHONEOS_DEPLOYMENT_TARGET = 11.2;
				LD_RUNPATH_SEARCH_PATHS = "$(inherited) @executable_path/Frameworks";
				PRODUCT_BUNDLE_IDENTIFIER = "com.wdy-test.mvvm";
				PRODUCT_NAME = "$(TARGET_NAME)";
				PROVISIONING_PROFILE = "";
				PROVISIONING_PROFILE_SPECIFIER = "";
				TARGETED_DEVICE_FAMILY = 1;
			};
			name = Debug;
		};
		66B31A0F1FFF680800E130BC /* Release */ = {
			isa = XCBuildConfiguration;
			baseConfigurationReference = 2178A24F673B8EEF73181620 /* Pods-mvvm-demo.release.xcconfig */;
			buildSettings = {
				ASSETCATALOG_COMPILER_APPICON_NAME = AppIcon;
				CODE_SIGN_IDENTITY = "iPhone Developer: Dongya Wang (F5EM7UPJHR)";
				"CODE_SIGN_IDENTITY[sdk=iphoneos*]" = "iPhone Developer";
				CODE_SIGN_STYLE = Automatic;
				DEVELOPMENT_TEAM = Z5AXWS32SW;
				INFOPLIST_FILE = "mvvm-demo/Info.plist";
				IPHONEOS_DEPLOYMENT_TARGET = 11.2;
				LD_RUNPATH_SEARCH_PATHS = "$(inherited) @executable_path/Frameworks";
				PRODUCT_BUNDLE_IDENTIFIER = "com.wdy-test.mvvm";
				PRODUCT_NAME = "$(TARGET_NAME)";
				PROVISIONING_PROFILE = "";
				PROVISIONING_PROFILE_SPECIFIER = "";
				TARGETED_DEVICE_FAMILY = 1;
			};
			name = Release;
		};
/* End XCBuildConfiguration section */

/* Begin XCConfigurationList section */
		66B319F21FFF680800E130BC /* Build configuration list for PBXProject "mvvm-demo" */ = {
			isa = XCConfigurationList;
			buildConfigurations = (
				66B31A0B1FFF680800E130BC /* Debug */,
				66B31A0C1FFF680800E130BC /* Release */,
			);
			defaultConfigurationIsVisible = 0;
			defaultConfigurationName = Release;
		};
		66B31A0D1FFF680800E130BC /* Build configuration list for PBXNativeTarget "mvvm-demo" */ = {
			isa = XCConfigurationList;
			buildConfigurations = (
				66B31A0E1FFF680800E130BC /* Debug */,
				66B31A0F1FFF680800E130BC /* Release */,
			);
			defaultConfigurationIsVisible = 0;
			defaultConfigurationName = Release;
		};
/* End XCConfigurationList section */
	};
	rootObject = 66B319EF1FFF680800E130BC /* Project object */;
}
